// !$*UTF8*$!
{
	archiveVersion = 1;
	classes = {
	};
	objectVersion = 50;
	objects = {

/* Begin PBXBuildFile section */
		7526AA0324C89F1F009A52D1 /* utils.swift in Sources */ = {isa = PBXBuildFile; fileRef = 7526AA0224C89F1F009A52D1 /* utils.swift */; };
		7526AA0524C89F39009A52D1 /* RawImage.swift in Sources */ = {isa = PBXBuildFile; fileRef = 7526AA0424C89F39009A52D1 /* RawImage.swift */; };
		7544267D24C9635000D38482 /* FileListView.swift in Sources */ = {isa = PBXBuildFile; fileRef = 7544267C24C9635000D38482 /* FileListView.swift */; };
		7544267F24C9657400D38482 /* FileListRow.swift in Sources */ = {isa = PBXBuildFile; fileRef = 7544267E24C9657400D38482 /* FileListRow.swift */; };
		7544268124C9C02600D38482 /* test.CR2 in Resources */ = {isa = PBXBuildFile; fileRef = 7544268024C9C02600D38482 /* test.CR2 */; };
		757F59BF24C8BBA400F7B449 /* Image.png in Resources */ = {isa = PBXBuildFile; fileRef = 757F59BE24C8BBA400F7B449 /* Image.png */; };
		75AFD6E424DC82160077C7E5 /* functions.swift in Sources */ = {isa = PBXBuildFile; fileRef = 75AFD6E324DC82160077C7E5 /* functions.swift */; };
		75D9A24924C726520047546F /* AppDelegate.swift in Sources */ = {isa = PBXBuildFile; fileRef = 75D9A24824C726520047546F /* AppDelegate.swift */; };
		75D9A24B24C726520047546F /* ContentView.swift in Sources */ = {isa = PBXBuildFile; fileRef = 75D9A24A24C726520047546F /* ContentView.swift */; };
		75D9A24D24C726570047546F /* Assets.xcassets in Resources */ = {isa = PBXBuildFile; fileRef = 75D9A24C24C726570047546F /* Assets.xcassets */; };
		75D9A25024C726570047546F /* Preview Assets.xcassets in Resources */ = {isa = PBXBuildFile; fileRef = 75D9A24F24C726570047546F /* Preview Assets.xcassets */; };
		75D9A25324C726570047546F /* Main.storyboard in Resources */ = {isa = PBXBuildFile; fileRef = 75D9A25124C726570047546F /* Main.storyboard */; };
		75D9A25F24C726570047546F /* EXIF_viewerTests.swift in Sources */ = {isa = PBXBuildFile; fileRef = 75D9A25E24C726570047546F /* EXIF_viewerTests.swift */; };
		75D9A26A24C726570047546F /* EXIF_viewerUITests.swift in Sources */ = {isa = PBXBuildFile; fileRef = 75D9A26924C726570047546F /* EXIF_viewerUITests.swift */; };
		75DB3C2C24D20046009B0384 /* DateOffsetPicker.swift in Sources */ = {isa = PBXBuildFile; fileRef = 75DB3C2B24D20046009B0384 /* DateOffsetPicker.swift */; };
/* End PBXBuildFile section */

/* Begin PBXContainerItemProxy section */
		75D9A25B24C726570047546F /* PBXContainerItemProxy */ = {
			isa = PBXContainerItemProxy;
			containerPortal = 75D9A23D24C726520047546F /* Project object */;
			proxyType = 1;
			remoteGlobalIDString = 75D9A24424C726520047546F;
			remoteInfo = "EXIF viewer";
		};
		75D9A26624C726570047546F /* PBXContainerItemProxy */ = {
			isa = PBXContainerItemProxy;
			containerPortal = 75D9A23D24C726520047546F /* Project object */;
			proxyType = 1;
			remoteGlobalIDString = 75D9A24424C726520047546F;
			remoteInfo = "EXIF viewer";
		};
/* End PBXContainerItemProxy section */

/* Begin PBXFileReference section */
		7526AA0224C89F1F009A52D1 /* utils.swift */ = {isa = PBXFileReference; lastKnownFileType = sourcecode.swift; path = utils.swift; sourceTree = "<group>"; };
		7526AA0424C89F39009A52D1 /* RawImage.swift */ = {isa = PBXFileReference; lastKnownFileType = sourcecode.swift; path = RawImage.swift; sourceTree = "<group>"; };
		7544267C24C9635000D38482 /* FileListView.swift */ = {isa = PBXFileReference; lastKnownFileType = sourcecode.swift; path = FileListView.swift; sourceTree = "<group>"; };
		7544267E24C9657400D38482 /* FileListRow.swift */ = {isa = PBXFileReference; lastKnownFileType = sourcecode.swift; path = FileListRow.swift; sourceTree = "<group>"; };
		7544268024C9C02600D38482 /* test.CR2 */ = {isa = PBXFileReference; lastKnownFileType = file; path = test.CR2; sourceTree = "<group>"; };
		757F59BE24C8BBA400F7B449 /* Image.png */ = {isa = PBXFileReference; lastKnownFileType = image.png; path = Image.png; sourceTree = "<group>"; };
		75AFD6E324DC82160077C7E5 /* functions.swift */ = {isa = PBXFileReference; lastKnownFileType = sourcecode.swift; path = functions.swift; sourceTree = "<group>"; };
		75D9A24524C726520047546F /* EXIF viewer.app */ = {isa = PBXFileReference; explicitFileType = wrapper.application; includeInIndex = 0; path = "EXIF viewer.app"; sourceTree = BUILT_PRODUCTS_DIR; };
		75D9A24824C726520047546F /* AppDelegate.swift */ = {isa = PBXFileReference; lastKnownFileType = sourcecode.swift; path = AppDelegate.swift; sourceTree = "<group>"; };
		75D9A24A24C726520047546F /* ContentView.swift */ = {isa = PBXFileReference; lastKnownFileType = sourcecode.swift; path = ContentView.swift; sourceTree = "<group>"; };
		75D9A24C24C726570047546F /* Assets.xcassets */ = {isa = PBXFileReference; lastKnownFileType = folder.assetcatalog; path = Assets.xcassets; sourceTree = "<group>"; };
		75D9A24F24C726570047546F /* Preview Assets.xcassets */ = {isa = PBXFileReference; lastKnownFileType = folder.assetcatalog; path = "Preview Assets.xcassets"; sourceTree = "<group>"; };
		75D9A25224C726570047546F /* Base */ = {isa = PBXFileReference; lastKnownFileType = file.storyboard; name = Base; path = Base.lproj/Main.storyboard; sourceTree = "<group>"; };
		75D9A25424C726570047546F /* Info.plist */ = {isa = PBXFileReference; lastKnownFileType = text.plist.xml; path = Info.plist; sourceTree = "<group>"; };
		75D9A25524C726570047546F /* EXIF_viewer.entitlements */ = {isa = PBXFileReference; lastKnownFileType = text.plist.entitlements; path = EXIF_viewer.entitlements; sourceTree = "<group>"; };
		75D9A25A24C726570047546F /* EXIF viewerTests.xctest */ = {isa = PBXFileReference; explicitFileType = wrapper.cfbundle; includeInIndex = 0; path = "EXIF viewerTests.xctest"; sourceTree = BUILT_PRODUCTS_DIR; };
		75D9A25E24C726570047546F /* EXIF_viewerTests.swift */ = {isa = PBXFileReference; lastKnownFileType = sourcecode.swift; path = EXIF_viewerTests.swift; sourceTree = "<group>"; };
		75D9A26024C726570047546F /* Info.plist */ = {isa = PBXFileReference; lastKnownFileType = text.plist.xml; path = Info.plist; sourceTree = "<group>"; };
		75D9A26524C726570047546F /* EXIF viewerUITests.xctest */ = {isa = PBXFileReference; explicitFileType = wrapper.cfbundle; includeInIndex = 0; path = "EXIF viewerUITests.xctest"; sourceTree = BUILT_PRODUCTS_DIR; };
		75D9A26924C726570047546F /* EXIF_viewerUITests.swift */ = {isa = PBXFileReference; lastKnownFileType = sourcecode.swift; path = EXIF_viewerUITests.swift; sourceTree = "<group>"; };
		75D9A26B24C726570047546F /* Info.plist */ = {isa = PBXFileReference; lastKnownFileType = text.plist.xml; path = Info.plist; sourceTree = "<group>"; };
		75DB3C2B24D20046009B0384 /* DateOffsetPicker.swift */ = {isa = PBXFileReference; lastKnownFileType = sourcecode.swift; path = DateOffsetPicker.swift; sourceTree = "<group>"; };
/* End PBXFileReference section */

/* Begin PBXFrameworksBuildPhase section */
		75D9A24224C726520047546F /* Frameworks */ = {
			isa = PBXFrameworksBuildPhase;
			buildActionMask = 2147483647;
			files = (
			);
			runOnlyForDeploymentPostprocessing = 0;
		};
		75D9A25724C726570047546F /* Frameworks */ = {
			isa = PBXFrameworksBuildPhase;
			buildActionMask = 2147483647;
			files = (
			);
			runOnlyForDeploymentPostprocessing = 0;
		};
		75D9A26224C726570047546F /* Frameworks */ = {
			isa = PBXFrameworksBuildPhase;
			buildActionMask = 2147483647;
			files = (
			);
			runOnlyForDeploymentPostprocessing = 0;
		};
/* End PBXFrameworksBuildPhase section */

/* Begin PBXGroup section */
		75D9A23C24C726520047546F = {
			isa = PBXGroup;
			children = (
				75D9A24724C726520047546F /* EXIF viewer */,
				75D9A25D24C726570047546F /* EXIF viewerTests */,
				75D9A26824C726570047546F /* EXIF viewerUITests */,
				75D9A24624C726520047546F /* Products */,
			);
			sourceTree = "<group>";
		};
		75D9A24624C726520047546F /* Products */ = {
			isa = PBXGroup;
			children = (
				75D9A24524C726520047546F /* EXIF viewer.app */,
				75D9A25A24C726570047546F /* EXIF viewerTests.xctest */,
				75D9A26524C726570047546F /* EXIF viewerUITests.xctest */,
			);
			name = Products;
			sourceTree = "<group>";
		};
		75D9A24724C726520047546F /* EXIF viewer */ = {
			isa = PBXGroup;
			children = (
				757F59BE24C8BBA400F7B449 /* Image.png */,
				7544268024C9C02600D38482 /* test.CR2 */,
				75D9A24824C726520047546F /* AppDelegate.swift */,
				75D9A24A24C726520047546F /* ContentView.swift */,
				7544267C24C9635000D38482 /* FileListView.swift */,
				7544267E24C9657400D38482 /* FileListRow.swift */,
				75DB3C2B24D20046009B0384 /* DateOffsetPicker.swift */,
				7526AA0224C89F1F009A52D1 /* utils.swift */,
				7526AA0424C89F39009A52D1 /* RawImage.swift */,
				75AFD6E324DC82160077C7E5 /* functions.swift */,
				75D9A24C24C726570047546F /* Assets.xcassets */,
				75D9A25124C726570047546F /* Main.storyboard */,
				75D9A25424C726570047546F /* Info.plist */,
				75D9A25524C726570047546F /* EXIF_viewer.entitlements */,
				75D9A24E24C726570047546F /* Preview Content */,
			);
			path = "EXIF viewer";
			sourceTree = "<group>";
		};
		75D9A24E24C726570047546F /* Preview Content */ = {
			isa = PBXGroup;
			children = (
				75D9A24F24C726570047546F /* Preview Assets.xcassets */,
			);
			path = "Preview Content";
			sourceTree = "<group>";
		};
		75D9A25D24C726570047546F /* EXIF viewerTests */ = {
			isa = PBXGroup;
			children = (
				75D9A25E24C726570047546F /* EXIF_viewerTests.swift */,
				75D9A26024C726570047546F /* Info.plist */,
			);
			path = "EXIF viewerTests";
			sourceTree = "<group>";
		};
		75D9A26824C726570047546F /* EXIF viewerUITests */ = {
			isa = PBXGroup;
			children = (
				75D9A26924C726570047546F /* EXIF_viewerUITests.swift */,
				75D9A26B24C726570047546F /* Info.plist */,
			);
			path = "EXIF viewerUITests";
			sourceTree = "<group>";
		};
/* End PBXGroup section */

/* Begin PBXNativeTarget section */
		75D9A24424C726520047546F /* EXIF viewer */ = {
			isa = PBXNativeTarget;
			buildConfigurationList = 75D9A26E24C726570047546F /* Build configuration list for PBXNativeTarget "EXIF viewer" */;
			buildPhases = (
				75D9A24124C726520047546F /* Sources */,
				75D9A24224C726520047546F /* Frameworks */,
				75D9A24324C726520047546F /* Resources */,
			);
			buildRules = (
			);
			dependencies = (
			);
			name = "EXIF viewer";
			productName = "EXIF viewer";
			productReference = 75D9A24524C726520047546F /* EXIF viewer.app */;
			productType = "com.apple.product-type.application";
		};
		75D9A25924C726570047546F /* EXIF viewerTests */ = {
			isa = PBXNativeTarget;
			buildConfigurationList = 75D9A27124C726570047546F /* Build configuration list for PBXNativeTarget "EXIF viewerTests" */;
			buildPhases = (
				75D9A25624C726570047546F /* Sources */,
				75D9A25724C726570047546F /* Frameworks */,
				75D9A25824C726570047546F /* Resources */,
			);
			buildRules = (
			);
			dependencies = (
				75D9A25C24C726570047546F /* PBXTargetDependency */,
			);
			name = "EXIF viewerTests";
			productName = "EXIF viewerTests";
			productReference = 75D9A25A24C726570047546F /* EXIF viewerTests.xctest */;
			productType = "com.apple.product-type.bundle.unit-test";
		};
		75D9A26424C726570047546F /* EXIF viewerUITests */ = {
			isa = PBXNativeTarget;
			buildConfigurationList = 75D9A27424C726570047546F /* Build configuration list for PBXNativeTarget "EXIF viewerUITests" */;
			buildPhases = (
				75D9A26124C726570047546F /* Sources */,
				75D9A26224C726570047546F /* Frameworks */,
				75D9A26324C726570047546F /* Resources */,
			);
			buildRules = (
			);
			dependencies = (
				75D9A26724C726570047546F /* PBXTargetDependency */,
			);
			name = "EXIF viewerUITests";
			productName = "EXIF viewerUITests";
			productReference = 75D9A26524C726570047546F /* EXIF viewerUITests.xctest */;
			productType = "com.apple.product-type.bundle.ui-testing";
		};
/* End PBXNativeTarget section */

/* Begin PBXProject section */
		75D9A23D24C726520047546F /* Project object */ = {
			isa = PBXProject;
			attributes = {
				LastSwiftUpdateCheck = 1150;
				LastUpgradeCheck = 1160;
				ORGANIZATIONNAME = "Michal Jan Warecki";
				TargetAttributes = {
					75D9A24424C726520047546F = {
						CreatedOnToolsVersion = 11.5;
					};
					75D9A25924C726570047546F = {
						CreatedOnToolsVersion = 11.5;
						TestTargetID = 75D9A24424C726520047546F;
					};
					75D9A26424C726570047546F = {
						CreatedOnToolsVersion = 11.5;
						TestTargetID = 75D9A24424C726520047546F;
					};
				};
			};
			buildConfigurationList = 75D9A24024C726520047546F /* Build configuration list for PBXProject "EXIF viewer" */;
			compatibilityVersion = "Xcode 9.3";
			developmentRegion = en;
			hasScannedForEncodings = 0;
			knownRegions = (
				en,
				Base,
			);
			mainGroup = 75D9A23C24C726520047546F;
			productRefGroup = 75D9A24624C726520047546F /* Products */;
			projectDirPath = "";
			projectRoot = "";
			targets = (
				75D9A24424C726520047546F /* EXIF viewer */,
				75D9A25924C726570047546F /* EXIF viewerTests */,
				75D9A26424C726570047546F /* EXIF viewerUITests */,
			);
		};
/* End PBXProject section */

/* Begin PBXResourcesBuildPhase section */
		75D9A24324C726520047546F /* Resources */ = {
			isa = PBXResourcesBuildPhase;
			buildActionMask = 2147483647;
			files = (
				75D9A25324C726570047546F /* Main.storyboard in Resources */,
				75D9A25024C726570047546F /* Preview Assets.xcassets in Resources */,
				75D9A24D24C726570047546F /* Assets.xcassets in Resources */,
				7544268124C9C02600D38482 /* test.CR2 in Resources */,
				757F59BF24C8BBA400F7B449 /* Image.png in Resources */,
			);
			runOnlyForDeploymentPostprocessing = 0;
		};
		75D9A25824C726570047546F /* Resources */ = {
			isa = PBXResourcesBuildPhase;
			buildActionMask = 2147483647;
			files = (
			);
			runOnlyForDeploymentPostprocessing = 0;
		};
		75D9A26324C726570047546F /* Resources */ = {
			isa = PBXResourcesBuildPhase;
			buildActionMask = 2147483647;
			files = (
			);
			runOnlyForDeploymentPostprocessing = 0;
		};
/* End PBXResourcesBuildPhase section */

/* Begin PBXSourcesBuildPhase section */
		75D9A24124C726520047546F /* Sources */ = {
			isa = PBXSourcesBuildPhase;
			buildActionMask = 2147483647;
			files = (
				7544267F24C9657400D38482 /* FileListRow.swift in Sources */,
				75DB3C2C24D20046009B0384 /* DateOffsetPicker.swift in Sources */,
				7526AA0324C89F1F009A52D1 /* utils.swift in Sources */,
				75AFD6E424DC82160077C7E5 /* functions.swift in Sources */,
				7544267D24C9635000D38482 /* FileListView.swift in Sources */,
				7526AA0524C89F39009A52D1 /* RawImage.swift in Sources */,
				75D9A24B24C726520047546F /* ContentView.swift in Sources */,
				75D9A24924C726520047546F /* AppDelegate.swift in Sources */,
			);
			runOnlyForDeploymentPostprocessing = 0;
		};
		75D9A25624C726570047546F /* Sources */ = {
			isa = PBXSourcesBuildPhase;
			buildActionMask = 2147483647;
			files = (
				75D9A25F24C726570047546F /* EXIF_viewerTests.swift in Sources */,
			);
			runOnlyForDeploymentPostprocessing = 0;
		};
		75D9A26124C726570047546F /* Sources */ = {
			isa = PBXSourcesBuildPhase;
			buildActionMask = 2147483647;
			files = (
				75D9A26A24C726570047546F /* EXIF_viewerUITests.swift in Sources */,
			);
			runOnlyForDeploymentPostprocessing = 0;
		};
/* End PBXSourcesBuildPhase section */

/* Begin PBXTargetDependency section */
		75D9A25C24C726570047546F /* PBXTargetDependency */ = {
			isa = PBXTargetDependency;
			target = 75D9A24424C726520047546F /* EXIF viewer */;
			targetProxy = 75D9A25B24C726570047546F /* PBXContainerItemProxy */;
		};
		75D9A26724C726570047546F /* PBXTargetDependency */ = {
			isa = PBXTargetDependency;
			target = 75D9A24424C726520047546F /* EXIF viewer */;
			targetProxy = 75D9A26624C726570047546F /* PBXContainerItemProxy */;
		};
/* End PBXTargetDependency section */

/* Begin PBXVariantGroup section */
		75D9A25124C726570047546F /* Main.storyboard */ = {
			isa = PBXVariantGroup;
			children = (
				75D9A25224C726570047546F /* Base */,
			);
			name = Main.storyboard;
			sourceTree = "<group>";
		};
/* End PBXVariantGroup section */

/* Begin XCBuildConfiguration section */
		75D9A26C24C726570047546F /* Debug */ = {
			isa = XCBuildConfiguration;
			buildSettings = {
				ALWAYS_SEARCH_USER_PATHS = NO;
				CLANG_ANALYZER_NONNULL = YES;
				CLANG_ANALYZER_NUMBER_OBJECT_CONVERSION = YES_AGGRESSIVE;
				CLANG_CXX_LANGUAGE_STANDARD = "gnu++14";
				CLANG_CXX_LIBRARY = "libc++";
				CLANG_ENABLE_MODULES = YES;
				CLANG_ENABLE_OBJC_ARC = YES;
				CLANG_ENABLE_OBJC_WEAK = YES;
				CLANG_WARN_BLOCK_CAPTURE_AUTORELEASING = YES;
				CLANG_WARN_BOOL_CONVERSION = YES;
				CLANG_WARN_COMMA = YES;
				CLANG_WARN_CONSTANT_CONVERSION = YES;
				CLANG_WARN_DEPRECATED_OBJC_IMPLEMENTATIONS = YES;
				CLANG_WARN_DIRECT_OBJC_ISA_USAGE = YES_ERROR;
				CLANG_WARN_DOCUMENTATION_COMMENTS = YES;
				CLANG_WARN_EMPTY_BODY = YES;
				CLANG_WARN_ENUM_CONVERSION = YES;
				CLANG_WARN_INFINITE_RECURSION = YES;
				CLANG_WARN_INT_CONVERSION = YES;
				CLANG_WARN_NON_LITERAL_NULL_CONVERSION = YES;
				CLANG_WARN_OBJC_IMPLICIT_RETAIN_SELF = YES;
				CLANG_WARN_OBJC_LITERAL_CONVERSION = YES;
				CLANG_WARN_OBJC_ROOT_CLASS = YES_ERROR;
				CLANG_WARN_RANGE_LOOP_ANALYSIS = YES;
				CLANG_WARN_STRICT_PROTOTYPES = YES;
				CLANG_WARN_SUSPICIOUS_MOVE = YES;
				CLANG_WARN_UNGUARDED_AVAILABILITY = YES_AGGRESSIVE;
				CLANG_WARN_UNREACHABLE_CODE = YES;
				CLANG_WARN__DUPLICATE_METHOD_MATCH = YES;
				COPY_PHASE_STRIP = NO;
				DEBUG_INFORMATION_FORMAT = dwarf;
				ENABLE_STRICT_OBJC_MSGSEND = YES;
				ENABLE_TESTABILITY = YES;
				GCC_C_LANGUAGE_STANDARD = gnu11;
				GCC_DYNAMIC_NO_PIC = NO;
				GCC_NO_COMMON_BLOCKS = YES;
				GCC_OPTIMIZATION_LEVEL = 0;
				GCC_PREPROCESSOR_DEFINITIONS = (
					"DEBUG=1",
					"$(inherited)",
				);
				GCC_WARN_64_TO_32_BIT_CONVERSION = YES;
				GCC_WARN_ABOUT_RETURN_TYPE = YES_ERROR;
				GCC_WARN_UNDECLARED_SELECTOR = YES;
				GCC_WARN_UNINITIALIZED_AUTOS = YES_AGGRESSIVE;
				GCC_WARN_UNUSED_FUNCTION = YES;
				GCC_WARN_UNUSED_VARIABLE = YES;
				MACOSX_DEPLOYMENT_TARGET = 10.15;
				MTL_ENABLE_DEBUG_INFO = INCLUDE_SOURCE;
				MTL_FAST_MATH = YES;
				ONLY_ACTIVE_ARCH = YES;
				SDKROOT = macosx;
				SWIFT_ACTIVE_COMPILATION_CONDITIONS = DEBUG;
				SWIFT_OPTIMIZATION_LEVEL = "-Onone";
			};
			name = Debug;
		};
		75D9A26D24C726570047546F /* Release */ = {
			isa = XCBuildConfiguration;
			buildSettings = {
				ALWAYS_SEARCH_USER_PATHS = NO;
				CLANG_ANALYZER_NONNULL = YES;
				CLANG_ANALYZER_NUMBER_OBJECT_CONVERSION = YES_AGGRESSIVE;
				CLANG_CXX_LANGUAGE_STANDARD = "gnu++14";
				CLANG_CXX_LIBRARY = "libc++";
				CLANG_ENABLE_MODULES = YES;
				CLANG_ENABLE_OBJC_ARC = YES;
				CLANG_ENABLE_OBJC_WEAK = YES;
				CLANG_WARN_BLOCK_CAPTURE_AUTORELEASING = YES;
				CLANG_WARN_BOOL_CONVERSION = YES;
				CLANG_WARN_COMMA = YES;
				CLANG_WARN_CONSTANT_CONVERSION = YES;
				CLANG_WARN_DEPRECATED_OBJC_IMPLEMENTATIONS = YES;
				CLANG_WARN_DIRECT_OBJC_ISA_USAGE = YES_ERROR;
				CLANG_WARN_DOCUMENTATION_COMMENTS = YES;
				CLANG_WARN_EMPTY_BODY = YES;
				CLANG_WARN_ENUM_CONVERSION = YES;
				CLANG_WARN_INFINITE_RECURSION = YES;
				CLANG_WARN_INT_CONVERSION = YES;
				CLANG_WARN_NON_LITERAL_NULL_CONVERSION = YES;
				CLANG_WARN_OBJC_IMPLICIT_RETAIN_SELF = YES;
				CLANG_WARN_OBJC_LITERAL_CONVERSION = YES;
				CLANG_WARN_OBJC_ROOT_CLASS = YES_ERROR;
				CLANG_WARN_RANGE_LOOP_ANALYSIS = YES;
				CLANG_WARN_STRICT_PROTOTYPES = YES;
				CLANG_WARN_SUSPICIOUS_MOVE = YES;
				CLANG_WARN_UNGUARDED_AVAILABILITY = YES_AGGRESSIVE;
				CLANG_WARN_UNREACHABLE_CODE = YES;
				CLANG_WARN__DUPLICATE_METHOD_MATCH = YES;
				COPY_PHASE_STRIP = NO;
				DEBUG_INFORMATION_FORMAT = "dwarf-with-dsym";
				ENABLE_NS_ASSERTIONS = NO;
				ENABLE_STRICT_OBJC_MSGSEND = YES;
				GCC_C_LANGUAGE_STANDARD = gnu11;
				GCC_NO_COMMON_BLOCKS = YES;
				GCC_WARN_64_TO_32_BIT_CONVERSION = YES;
				GCC_WARN_ABOUT_RETURN_TYPE = YES_ERROR;
				GCC_WARN_UNDECLARED_SELECTOR = YES;
				GCC_WARN_UNINITIALIZED_AUTOS = YES_AGGRESSIVE;
				GCC_WARN_UNUSED_FUNCTION = YES;
				GCC_WARN_UNUSED_VARIABLE = YES;
				MACOSX_DEPLOYMENT_TARGET = 10.15;
				MTL_ENABLE_DEBUG_INFO = NO;
				MTL_FAST_MATH = YES;
				SDKROOT = macosx;
				SWIFT_COMPILATION_MODE = wholemodule;
				SWIFT_OPTIMIZATION_LEVEL = "-O";
			};
			name = Release;
		};
		75D9A26F24C726570047546F /* Debug */ = {
			isa = XCBuildConfiguration;
			buildSettings = {
				ASSETCATALOG_COMPILER_APPICON_NAME = AppIcon;
				CODE_SIGN_ENTITLEMENTS = "EXIF viewer/EXIF_viewer.entitlements";
				CODE_SIGN_IDENTITY = "-";
				CODE_SIGN_STYLE = Automatic;
				COMBINE_HIDPI_IMAGES = YES;
				DEVELOPMENT_ASSET_PATHS = "\"EXIF viewer/Preview Content\"";
				ENABLE_PREVIEWS = YES;
				INFOPLIST_FILE = "EXIF viewer/Info.plist";
				LD_RUNPATH_SEARCH_PATHS = (
					"$(inherited)",
					"@executable_path/../Frameworks",
				);
				MACOSX_DEPLOYMENT_TARGET = 10.15;
				PRODUCT_BUNDLE_IDENTIFIER = "mjw.EXIF-viewer";
				PRODUCT_NAME = "$(TARGET_NAME)";
				SWIFT_VERSION = 5.0;
			};
			name = Debug;
		};
		75D9A27024C726570047546F /* Release */ = {
			isa = XCBuildConfiguration;
			buildSettings = {
				ASSETCATALOG_COMPILER_APPICON_NAME = AppIcon;
				CODE_SIGN_ENTITLEMENTS = "EXIF viewer/EXIF_viewer.entitlements";
				CODE_SIGN_IDENTITY = "-";
				CODE_SIGN_STYLE = Automatic;
				COMBINE_HIDPI_IMAGES = YES;
				DEVELOPMENT_ASSET_PATHS = "\"EXIF viewer/Preview Content\"";
				ENABLE_PREVIEWS = YES;
				INFOPLIST_FILE = "EXIF viewer/Info.plist";
				LD_RUNPATH_SEARCH_PATHS = (
					"$(inherited)",
					"@executable_path/../Frameworks",
				);
				MACOSX_DEPLOYMENT_TARGET = 10.15;
				PRODUCT_BUNDLE_IDENTIFIER = "mjw.EXIF-viewer";
				PRODUCT_NAME = "$(TARGET_NAME)";
				SWIFT_VERSION = 5.0;
			};
			name = Release;
		};
		75D9A27224C726570047546F /* Debug */ = {
			isa = XCBuildConfiguration;
			buildSettings = {
				ALWAYS_EMBED_SWIFT_STANDARD_LIBRARIES = YES;
				BUNDLE_LOADER = "$(TEST_HOST)";
				CODE_SIGN_STYLE = Automatic;
				COMBINE_HIDPI_IMAGES = YES;
				INFOPLIST_FILE = "EXIF viewerTests/Info.plist";
				LD_RUNPATH_SEARCH_PATHS = (
					"$(inherited)",
					"@executable_path/../Frameworks",
					"@loader_path/../Frameworks",
				);
				MACOSX_DEPLOYMENT_TARGET = 10.15;
				PRODUCT_BUNDLE_IDENTIFIER = "mjw.EXIF-viewerTests";
				PRODUCT_NAME = "$(TARGET_NAME)";
				SWIFT_VERSION = 5.0;
				TEST_HOST = "$(BUILT_PRODUCTS_DIR)/EXIF viewer.app/Contents/MacOS/EXIF viewer";
			};
			name = Debug;
		};
		75D9A27324C726570047546F /* Release */ = {
			isa = XCBuildConfiguration;
			buildSettings = {
				ALWAYS_EMBED_SWIFT_STANDARD_LIBRARIES = YES;
				BUNDLE_LOADER = "$(TEST_HOST)";
				CODE_SIGN_STYLE = Automatic;
				COMBINE_HIDPI_IMAGES = YES;
				INFOPLIST_FILE = "EXIF viewerTests/Info.plist";
				LD_RUNPATH_SEARCH_PATHS = (
					"$(inherited)",
					"@executable_path/../Frameworks",
					"@loader_path/../Frameworks",
				);
				MACOSX_DEPLOYMENT_TARGET = 10.15;
				PRODUCT_BUNDLE_IDENTIFIER = "mjw.EXIF-viewerTests";
				PRODUCT_NAME = "$(TARGET_NAME)";
				SWIFT_VERSION = 5.0;
				TEST_HOST = "$(BUILT_PRODUCTS_DIR)/EXIF viewer.app/Contents/MacOS/EXIF viewer";
			};
			name = Release;
		};
		75D9A27524C726570047546F /* Debug */ = {
			isa = XCBuildConfiguration;
			buildSettings = {
				ALWAYS_EMBED_SWIFT_STANDARD_LIBRARIES = YES;
				CODE_SIGN_STYLE = Automatic;
				COMBINE_HIDPI_IMAGES = YES;
				INFOPLIST_FILE = "EXIF viewerUITests/Info.plist";
				LD_RUNPATH_SEARCH_PATHS = (
					"$(inherited)",
					"@executable_path/../Frameworks",
					"@loader_path/../Frameworks",
				);
				PRODUCT_BUNDLE_IDENTIFIER = "mjw.EXIF-viewerUITests";
				PRODUCT_NAME = "$(TARGET_NAME)";
				SWIFT_VERSION = 5.0;
				TEST_TARGET_NAME = "EXIF viewer";
			};
			name = Debug;
		};
		75D9A27624C726570047546F /* Release */ = {
			isa = XCBuildConfiguration;
			buildSettings = {
				ALWAYS_EMBED_SWIFT_STANDARD_LIBRARIES = YES;
				CODE_SIGN_STYLE = Automatic;
				COMBINE_HIDPI_IMAGES = YES;
				INFOPLIST_FILE = "EXIF viewerUITests/Info.plist";
				LD_RUNPATH_SEARCH_PATHS = (
					"$(inherited)",
					"@executable_path/../Frameworks",
					"@loader_path/../Frameworks",
				);
				PRODUCT_BUNDLE_IDENTIFIER = "mjw.EXIF-viewerUITests";
				PRODUCT_NAME = "$(TARGET_NAME)";
				SWIFT_VERSION = 5.0;
				TEST_TARGET_NAME = "EXIF viewer";
			};
			name = Release;
		};
/* End XCBuildConfiguration section */

/* Begin XCConfigurationList section */
		75D9A24024C726520047546F /* Build configuration list for PBXProject "EXIF viewer" */ = {
			isa = XCConfigurationList;
			buildConfigurations = (
				75D9A26C24C726570047546F /* Debug */,
				75D9A26D24C726570047546F /* Release */,
			);
			defaultConfigurationIsVisible = 0;
			defaultConfigurationName = Release;
		};
		75D9A26E24C726570047546F /* Build configuration list for PBXNativeTarget "EXIF viewer" */ = {
			isa = XCConfigurationList;
			buildConfigurations = (
				75D9A26F24C726570047546F /* Debug */,
				75D9A27024C726570047546F /* Release */,
			);
			defaultConfigurationIsVisible = 0;
			defaultConfigurationName = Release;
		};
		75D9A27124C726570047546F /* Build configuration list for PBXNativeTarget "EXIF viewerTests" */ = {
			isa = XCConfigurationList;
			buildConfigurations = (
				75D9A27224C726570047546F /* Debug */,
				75D9A27324C726570047546F /* Release */,
			);
			defaultConfigurationIsVisible = 0;
			defaultConfigurationName = Release;
		};
		75D9A27424C726570047546F /* Build configuration list for PBXNativeTarget "EXIF viewerUITests" */ = {
			isa = XCConfigurationList;
			buildConfigurations = (
				75D9A27524C726570047546F /* Debug */,
				75D9A27624C726570047546F /* Release */,
			);
			defaultConfigurationIsVisible = 0;
			defaultConfigurationName = Release;
		};
/* End XCConfigurationList section */
	};
	rootObject = 75D9A23D24C726520047546F /* Project object */;
}
